<?xml version="1.0" encoding="utf-8"?>
<Project ToolsVersion="4.0" xmlns="http://schemas.microsoft.com/developer/msbuild/2003">
  <ItemGroup>
    <Filter Include="Source Files">
      <UniqueIdentifier>{4FC737F1-C7A5-4376-A066-2A32D752A2FF}</UniqueIdentifier>
      <Extensions>cpp;c;cc;cxx;def;odl;idl;hpj;bat;asm;asmx</Extensions>
    </Filter>
    <Filter Include="Header Files">
      <UniqueIdentifier>{93995380-89BD-4b04-88EB-625FBE52EBFB}</UniqueIdentifier>
      <Extensions>h;hh;hpp;hxx;hm;inl;inc;xsd</Extensions>
    </Filter>
    <Filter Include="Resource Files">
      <UniqueIdentifier>{67DA6AB6-F800-4c08-8B7A-83BB121AAD01}</UniqueIdentifier>
      <Extensions>rc;ico;cur;bmp;dlg;rc2;rct;bin;rgs;gif;jpg;jpeg;jpe;resx;tiff;tif;png;wav;mfcribbon-ms</Extensions>
    </Filter>
    <Filter Include="Header Files\Internal">
      <UniqueIdentifier>{9d191e37-2a8e-4393-acd3-206236344e69}</UniqueIdentifier>
    </Filter>
    <Filter Include="Header Files\Math">
      <UniqueIdentifier>{3f5b48ba-633b-4c0d-807d-256ef38217d4}</UniqueIdentifier>
    </Filter>
  </ItemGroup>
  <ItemGroup>
    <ClCompile Include="Private\Cacus.cpp">
      <Filter>Source Files</Filter>
    </ClCompile>
    <ClCompile Include="Private\CacusOutputDevice.cpp">
      <Filter>Source Files</Filter>
    </ClCompile>
    <ClCompile Include="Private\CacusString.cpp">
      <Filter>Source Files</Filter>
    </ClCompile>
    <ClCompile Include="Private\Parsers.cpp">
      <Filter>Source Files</Filter>
    </ClCompile>
    <ClCompile Include="Private\StackUnwinder.cpp">
      <Filter>Source Files</Filter>
    </ClCompile>
    <ClCompile Include="Private\Thread.cpp">
      <Filter>Source Files</Filter>
    </ClCompile>
    <ClCompile Include="Private\Time.cpp">
      <Filter>Source Files</Filter>
    </ClCompile>
    <ClCompile Include="Private\Unicode.cpp">
      <Filter>Source Files</Filter>
    </ClCompile>
    <ClCompile Include="Private\URI.cpp">
      <Filter>Source Files</Filter>
    </ClCompile>
    <ClCompile Include="Private\CacusField.cpp">
      <Filter>Source Files</Filter>
    </ClCompile>
    <ClCompile Include="Private\CircularBuffer.cpp">
      <Filter>Source Files</Filter>
    </ClCompile>
    <ClCompile Include="Private\DebugCallback.cpp">
      <Filter>Source Files</Filter>
    </ClCompile>
    <ClCompile Include="Private\COutputDevicePrintf.cpp">
      <Filter>Source Files</Filter>
    </ClCompile>
    <ClCompile Include="Private\BaseDir.cpp">
      <Filter>Source Files</Filter>
    </ClCompile>
    <ClCompile Include="Private\UnitTests.cpp">
      <Filter>Source Files</Filter>
    </ClCompile>
    <ClCompile Include="Private\CacusMath.cpp">
      <Filter>Source Files</Filter>
    </ClCompile>
    <ClCompile Include="Private\Ticker.cpp">
      <Filter>Source Files</Filter>
    </ClCompile>
    <ClCompile Include="Private\UtilsGeneric.cpp">
      <Filter>Source Files</Filter>
    </ClCompile>
    <ClCompile Include="Private\IPv6.cpp">
      <Filter>Source Files</Filter>
    </ClCompile>
    <ClCompile Include="Private\NetworkSocket.cpp">
      <Filter>Source Files</Filter>
    </ClCompile>
  </ItemGroup>
  <ItemGroup>
    <ClInclude Include="Cacus\AppTime.h">
      <Filter>Header Files</Filter>
    </ClInclude>
    <ClInclude Include="Cacus\Atomics.h">
      <Filter>Header Files</Filter>
    </ClInclude>
    <ClInclude Include="Cacus\CacusField.h">
      <Filter>Header Files</Filter>
    </ClInclude>
    <ClInclude Include="Cacus\CacusGlobals.h">
      <Filter>Header Files</Filter>
    </ClInclude>
    <ClInclude Include="Cacus\CacusMem.h">
      <Filter>Header Files</Filter>
    </ClInclude>
    <ClInclude Include="Cacus\CacusOutputDevice.h">
      <Filter>Header Files</Filter>
    </ClInclude>
    <ClInclude Include="Cacus\CacusPlatform.h">
      <Filter>Header Files</Filter>
    </ClInclude>
    <ClInclude Include="Cacus\CacusString.h">
      <Filter>Header Files</Filter>
    </ClInclude>
    <ClInclude Include="Cacus\CacusTemplate.h">
      <Filter>Header Files</Filter>
    </ClInclude>
    <ClInclude Include="Cacus\CacusThread.h">
      <Filter>Header Files</Filter>
    </ClInclude>
    <ClInclude Include="Cacus\StackUnwinder.h">
      <Filter>Header Files</Filter>
    </ClInclude>
    <ClInclude Include="Cacus\URI.h">
      <Filter>Header Files</Filter>
    </ClInclude>
    <ClInclude Include="Cacus\Internal\CParser.h">
      <Filter>Header Files\Internal</Filter>
    </ClInclude>
    <ClInclude Include="Private\CacusLib.h">
      <Filter>Source Files</Filter>
    </ClInclude>
    <ClInclude Include="Cacus\DebugCallback.h">
      <Filter>Header Files</Filter>
    </ClInclude>
    <ClInclude Include="resource.h">
      <Filter>Header Files</Filter>
    </ClInclude>
    <ClInclude Include="Cacus\TCharBuffer.h">
      <Filter>Header Files</Filter>
    </ClInclude>
    <ClInclude Include="Cacus\TimeStamp.h">
      <Filter>Header Files</Filter>
    </ClInclude>
    <ClInclude Include="Cacus\UnitTests.h">
      <Filter>Header Files</Filter>
    </ClInclude>
    <ClInclude Include="Cacus\Math\Math.h">
      <Filter>Header Files\Math</Filter>
    </ClInclude>
    <ClInclude Include="Cacus\Math\CFVector4.h">
      <Filter>Header Files\Math</Filter>
    </ClInclude>
    <ClInclude Include="Cacus\Math\CIVector4.h">
      <Filter>Header Files\Math</Filter>
    </ClInclude>
    <ClInclude Include="Cacus\Math\Constants.h">
      <Filter>Header Files\Math</Filter>
    </ClInclude>
    <ClInclude Include="Cacus\Math\CIVector2.h">
      <Filter>Header Files\Math</Filter>
    </ClInclude>
    <ClInclude Include="Cacus\DynamicLinking.h">
      <Filter>Header Files</Filter>
    </ClInclude>
    <ClInclude Include="Cacus\CTickerEngine.h">
      <Filter>Header Files</Filter>
    </ClInclude>
    <ClInclude Include="Cacus\Utils.h">
      <Filter>Header Files</Filter>
    </ClInclude>
    <ClInclude Include="Cacus\NetworkSocket.h">
      <Filter>Header Files</Filter>
    </ClInclude>
    <ClInclude Include="Cacus\IPv6.h">
      <Filter>Header Files</Filter>
    </ClInclude>
    <ClInclude Include="Cacus\Math\General.h">
      <Filter>Header Files\Math</Filter>
    </ClInclude>
    <ClInclude Include="Cacus\CacusBase.h">
      <Filter>Header Files</Filter>
    </ClInclude>
    <ClInclude Include="Cacus\Internal\UnrealTournament.h">
      <Filter>Header Files\Internal</Filter>
    </ClInclude>
  </ItemGroup>
  <ItemGroup>
    <ResourceCompile Include="CacusLib.rc">
      <Filter>Resource Files</Filter>
    </ResourceCompile>
  </ItemGroup>
</Project>